
Microsoft Visual Studio Solution File, Format Version 12.00
# Visual Studio Version 17
VisualStudioVersion = 17.11.35327.3
MinimumVisualStudioVersion = 10.0.40219.1
Project("{FAE04EC0-301F-11D3-BF4B-00C04F79EFBC}") = "finalproject_cooperatingcrows", "finalproject_cooperatingcrows\finalproject_cooperatingcrows.csproj", "{588A1FCD-74A5-4C88-9B08-F263567725A7}"
EndProject
Global
	GlobalSection(SolutionConfigurationPlatforms) = preSolution
		Debug|Any CPU = Debug|Any CPU
		Release|Any CPU = Release|Any CPU
	EndGlobalSection
	GlobalSection(ProjectConfigurationPlatforms) = postSolution
		{588A1FCD-74A5-4C88-9B08-F263567725A7}.Debug|Any CPU.ActiveCfg = Debug|Any CPU
		{588A1FCD-74A5-4C88-9B08-F263567725A7}.Debug|Any CPU.Build.0 = Debug|Any CPU
		{588A1FCD-74A5-4C88-9B08-F263567725A7}.Release|Any CPU.ActiveCfg = Release|Any CPU
		{588A1FCD-74A5-4C88-9B08-F263567725A7}.Release|Any CPU.Build.0 = Release|Any CPU
	EndGlobalSection
	GlobalSection(SolutionProperties) = preSolution
		HideSolutionNode = FALSE
	EndGlobalSection
	GlobalSection(ExtensibilityGlobals) = postSolution
		SolutionGuid = {F0EA9578-4899-4A4B-873E-7F0032D65838}
	EndGlobalSection
EndGlobal
